<?xml version="1.0" encoding="utf-8"?>
<Project ToolsVersion="4.0" xmlns="http://schemas.microsoft.com/developer/msbuild/2003">
  <ItemGroup>
    <Filter Include="Source Files">
      <UniqueIdentifier>{4FC737F1-C7A5-4376-A066-2A32D752A2FF}</UniqueIdentifier>
      <Extensions>cpp;c;cc;cxx;def;odl;idl;hpj;bat;asm;asmx</Extensions>
    </Filter>
    <Filter Include="Header Files">
      <UniqueIdentifier>{93995380-89BD-4b04-88EB-625FBE52EBFB}</UniqueIdentifier>
      <Extensions>h;hh;hpp;hxx;hm;inl;inc;xsd</Extensions>
    </Filter>
    <Filter Include="Resource Files">
      <UniqueIdentifier>{67DA6AB6-F800-4c08-8B7A-83BB121AAD01}</UniqueIdentifier>
      <Extensions>rc;ico;cur;bmp;dlg;rc2;rct;bin;rgs;gif;jpg;jpeg;jpe;resx;tiff;tif;png;wav;mfcribbon-ms</Extensions>
    </Filter>
  </ItemGroup>
  <ItemGroup>
    <Text Include="ReadMe.txt" />
  </ItemGroup>
  <ItemGroup>
    <ClInclude Include="stdafx.h">
      <Filter>Header Files</Filter>
    </ClInclude>
    <ClInclude Include="targetver.h">
      <Filter>Header Files</Filter>
    </ClInclude>
    <ClInclude Include="include\IAdvice.h">
      <Filter>Header Files</Filter>
    </ClInclude>
    <ClInclude Include="include\IBottoms.h">
      <Filter>Header Files</Filter>
    </ClInclude>
    <ClInclude Include="include\IColumn.h">
      <Filter>Header Files</Filter>
    </ClInclude>
    <ClInclude Include="include\IComposition.h">
      <Filter>Header Files</Filter>
    </ClInclude>
    <ClInclude Include="include\IControlLimits.h">
      <Filter>Header Files</Filter>
    </ClInclude>
    <ClInclude Include="include\IExternalReflux.h">
      <Filter>Header Files</Filter>
    </ClInclude>
    <ClInclude Include="include\IFeed.h">
      <Filter>Header Files</Filter>
    </ClInclude>
    <ClInclude Include="include\IFeeds.h">
      <Filter>Header Files</Filter>
    </ClInclude>
    <ClInclude Include="include\IHasComposition.h">
      <Filter>Header Files</Filter>
    </ClInclude>
    <ClInclude Include="include\IHeatingMediumFeed.h">
      <Filter>Header Files</Filter>
    </ClInclude>
    <ClInclude Include="include\IHistorian.h">
      <Filter>Header Files</Filter>
    </ClInclude>
    <ClInclude Include="include\IInstrumentsData.h">
      <Filter>Header Files</Filter>
    </ClInclude>
    <ClInclude Include="include\ILabResultsData.h">
      <Filter>Header Files</Filter>
    </ClInclude>
    <ClInclude Include="include\IOverhead.h">
      <Filter>Header Files</Filter>
    </ClInclude>
    <ClInclude Include="include\IOverridesData.h">
      <Filter>Header Files</Filter>
    </ClInclude>
    <ClInclude Include="include\IReboiler.h">
      <Filter>Header Files</Filter>
    </ClInclude>
    <ClInclude Include="include\IReportItem.h">
      <Filter>Header Files</Filter>
    </ClInclude>
    <ClInclude Include="include\ITower.h">
      <Filter>Header Files</Filter>
    </ClInclude>
    <ClInclude Include="include\ITowerConfig.h">
      <Filter>Header Files</Filter>
    </ClInclude>
    <ClInclude Include="include\ITowerData.h">
      <Filter>Header Files</Filter>
    </ClInclude>
    <ClInclude Include="include\ITowerReport.h">
      <Filter>Header Files</Filter>
    </ClInclude>
    <ClInclude Include="include\ITowers.h">
      <Filter>Header Files</Filter>
    </ClInclude>
    <ClInclude Include="include\IManager.h">
      <Filter>Header Files</Filter>
    </ClInclude>
    <ClInclude Include="include\IEnumerator.h">
      <Filter>Header Files</Filter>
    </ClInclude>
    <ClInclude Include="src\advisor\Advice.h">
      <Filter>Header Files</Filter>
    </ClInclude>
    <ClInclude Include="src\advisor\AdviceMessage.h">
      <Filter>Header Files</Filter>
    </ClInclude>
    <ClInclude Include="src\advisor\Advisor.h">
      <Filter>Header Files</Filter>
    </ClInclude>
    <ClInclude Include="src\advisor\IAlgorithm.h">
      <Filter>Header Files</Filter>
    </ClInclude>
    <ClInclude Include="src\advisor\Scenario1.h">
      <Filter>Header Files</Filter>
    </ClInclude>
    <ClInclude Include="src\advisor\Scenario2.h">
      <Filter>Header Files</Filter>
    </ClInclude>
    <ClInclude Include="src\advisor\Scenario3.h">
      <Filter>Header Files</Filter>
    </ClInclude>
    <ClInclude Include="src\advisor\Scenario4.h">
      <Filter>Header Files</Filter>
    </ClInclude>
    <ClInclude Include="src\advisor\Scenario5.h">
      <Filter>Header Files</Filter>
    </ClInclude>
    <ClInclude Include="src\advisor\Scenario6.h">
      <Filter>Header Files</Filter>
    </ClInclude>
    <ClInclude Include="src\advisor\Scenario7.h">
      <Filter>Header Files</Filter>
    </ClInclude>
    <ClInclude Include="src\advisor\Scenario8.h">
      <Filter>Header Files</Filter>
    </ClInclude>
    <ClInclude Include="src\advisor\Scenario9.h">
      <Filter>Header Files</Filter>
    </ClInclude>
    <ClInclude Include="src\advisor\ScenarioInactive.h">
      <Filter>Header Files</Filter>
    </ClInclude>
    <ClInclude Include="src\advisor\ScenarioIncomplete.h">
      <Filter>Header Files</Filter>
    </ClInclude>
    <ClInclude Include="src\advisor\ScenarioNoAdvice.h">
      <Filter>Header Files</Filter>
    </ClInclude>
    <ClInclude Include="src\advisor\ScenarioUnstable.h">
      <Filter>Header Files</Filter>
    </ClInclude>
    <ClInclude Include="src\advisor\SecondaryAdviceForPressure.h">
      <Filter>Header Files</Filter>
    </ClInclude>
    <ClInclude Include="src\historian\HistorianBase.h">
      <Filter>Header Files</Filter>
    </ClInclude>
    <ClInclude Include="src\historian\HistorianFactory.h">
      <Filter>Header Files</Filter>
    </ClInclude>
    <ClInclude Include="src\historian\InstrumentsData.h">
      <Filter>Header Files</Filter>
    </ClInclude>
    <ClInclude Include="src\historian\LabResultsData.h">
      <Filter>Header Files</Filter>
    </ClInclude>
    <ClInclude Include="src\historian\OverridesData.h">
      <Filter>Header Files</Filter>
    </ClInclude>
    <ClInclude Include="src\historian\TowerData.h">
      <Filter>Header Files</Filter>
    </ClInclude>
    <ClInclude Include="src\historian\TowerDataFactory.h">
      <Filter>Header Files</Filter>
    </ClInclude>
    <ClInclude Include="src\tower\DistillationTower.h">
      <Filter>Header Files</Filter>
    </ClInclude>
    <ClInclude Include="src\tower-config\TowerConfigFactory.h">
      <Filter>Header Files</Filter>
    </ClInclude>
    <ClInclude Include="src\tower-config\Bottoms.h">
      <Filter>Header Files</Filter>
    </ClInclude>
    <ClInclude Include="src\tower-config\Column.h">
      <Filter>Header Files</Filter>
    </ClInclude>
    <ClInclude Include="src\tower-config\Composition.h">
      <Filter>Header Files</Filter>
    </ClInclude>
    <ClInclude Include="src\tower-config\ControlLimits.h">
      <Filter>Header Files</Filter>
    </ClInclude>
    <ClInclude Include="src\tower-config\ExternalReflux.h">
      <Filter>Header Files</Filter>
    </ClInclude>
    <ClInclude Include="src\tower-config\Feed.h">
      <Filter>Header Files</Filter>
    </ClInclude>
    <ClInclude Include="src\tower-config\Feeds.h">
      <Filter>Header Files</Filter>
    </ClInclude>
    <ClInclude Include="src\tower-config\HeatingMediumFeed.h">
      <Filter>Header Files</Filter>
    </ClInclude>
    <ClInclude Include="src\tower-config\Overhead.h">
      <Filter>Header Files</Filter>
    </ClInclude>
    <ClInclude Include="src\tower-config\Reboiler.h">
      <Filter>Header Files</Filter>
    </ClInclude>
    <ClInclude Include="src\tower-config\TowerConfig.h">
      <Filter>Header Files</Filter>
    </ClInclude>
    <ClInclude Include="src\tower\Towers.h">
      <Filter>Header Files</Filter>
    </ClInclude>
    <ClInclude Include="src\tower-report\TowerReportFactory.h">
      <Filter>Header Files</Filter>
    </ClInclude>
    <ClInclude Include="src\tower-report\DTDeltaReportItem.h">
      <Filter>Header Files</Filter>
    </ClInclude>
    <ClInclude Include="src\tower-report\DTFeedReportItem.h">
      <Filter>Header Files</Filter>
    </ClInclude>
    <ClInclude Include="src\tower-report\DTHeatingReportItem.h">
      <Filter>Header Files</Filter>
    </ClInclude>
    <ClInclude Include="src\tower-report\DTHeavyKeyReportItem.h">
      <Filter>Header Files</Filter>
    </ClInclude>
    <ClInclude Include="src\tower-report\DTLightKeyReportItem.h">
      <Filter>Header Files</Filter>
    </ClInclude>
    <ClInclude Include="src\tower-report\DTOperatingPressureReportItem.h">
      <Filter>Header Files</Filter>
    </ClInclude>
    <ClInclude Include="src\tower-report\DTOutputOnPICReportItem.h">
      <Filter>Header Files</Filter>
    </ClInclude>
    <ClInclude Include="src\tower-report\DTRefluxReportItem.h">
      <Filter>Header Files</Filter>
    </ClInclude>
    <ClInclude Include="src\tower-report\ReportItem.h">
      <Filter>Header Files</Filter>
    </ClInclude>
    <ClInclude Include="src\tower-report\TowerReport.h">
      <Filter>Header Files</Filter>
    </ClInclude>
    <ClInclude Include="include\ISerialize.h">
      <Filter>Header Files</Filter>
    </ClInclude>
    <ClInclude Include="src\Validate.h">
      <Filter>Header Files</Filter>
    </ClInclude>
    <ClInclude Include="src\Notify.h">
      <Filter>Header Files</Filter>
    </ClInclude>
    <ClInclude Include="src\tower\TowerFactory.h">
      <Filter>Header Files</Filter>
    </ClInclude>
    <ClInclude Include="src\Manager.h">
      <Filter>Header Files</Filter>
    </ClInclude>
    <ClInclude Include="src\advisor\AdvisorFactory.h">
      <Filter>Header Files</Filter>
    </ClInclude>
    <ClInclude Include="include\dacommon.h">
      <Filter>Header Files</Filter>
    </ClInclude>
    <ClInclude Include="include\IOverrides.h">
      <Filter>Header Files</Filter>
    </ClInclude>
    <ClInclude Include="include\IOverride.h">
      <Filter>Header Files</Filter>
    </ClInclude>
    <ClInclude Include="src\advisor\Overrides.h">
      <Filter>Header Files</Filter>
    </ClInclude>
    <ClInclude Include="src\advisor\Override.h">
      <Filter>Header Files</Filter>
    </ClInclude>
    <ClInclude Include="include\IValidate.h">
      <Filter>Header Files</Filter>
    </ClInclude>
  </ItemGroup>
  <ItemGroup>
    <ClCompile Include="stdafx.cpp">
      <Filter>Source Files</Filter>
    </ClCompile>
    <ClCompile Include="dllmain.cpp">
      <Filter>Source Files</Filter>
    </ClCompile>
    <ClCompile Include="src\Manager.cpp">
      <Filter>Source Files</Filter>
    </ClCompile>
    <ClCompile Include="DACore.cpp">
      <Filter>Source Files</Filter>
    </ClCompile>
    <ClCompile Include="src\advisor\Advisor.cpp">
      <Filter>Source Files</Filter>
    </ClCompile>
    <ClCompile Include="src\advisor\IAlgorithm.cpp">
      <Filter>Source Files</Filter>
    </ClCompile>
    <ClCompile Include="src\Validate.cpp">
      <Filter>Source Files</Filter>
    </ClCompile>
    <ClCompile Include="src\Notify.cpp">
      <Filter>Source Files</Filter>
    </ClCompile>
    <ClCompile Include="src\Serialize.cpp">
      <Filter>Source Files</Filter>
    </ClCompile>
  </ItemGroup>
  <ItemGroup>
    <None Include="Debug\tower-1.json" />
    <None Include="ClassDiagram.cd" />
    <None Include=".gitignore" />
    <None Include=".gitattributes" />
    <None Include="ClassDiagram1.cd" />
  </ItemGroup>
</Project>